// !$*UTF8*$!
{
	archiveVersion = 1;
	classes = {
	};
	objectVersion = 77;
	objects = {

/* Begin PBXBuildFile section */
		F37F470A655FA0692ACFDF2D /* Pods_TrailQuestSandbox.framework in Frameworks */ = {isa = PBXBuildFile; fileRef = E257B4EEF8E1EF7E90FD36CD /* Pods_TrailQuestSandbox.framework */; };
/* End PBXBuildFile section */

/* Begin PBXContainerItemProxy section */
		CEAC243E2E65F4F4003A9E3D /* PBXContainerItemProxy */ = {
			isa = PBXContainerItemProxy;
			containerPortal = CEAC241F2E65F4F3003A9E3D /* Project object */;
			proxyType = 1;
			remoteGlobalIDString = CEAC24262E65F4F3003A9E3D;
			remoteInfo = TrailQuestSandbox;
		};
/* End PBXContainerItemProxy section */

/* Begin PBXFileReference section */
		3B2BA3F6161F37B0F1B24E94 /* Pods-TrailQuestSandbox.debug.xcconfig */ = {isa = PBXFileReference; includeInIndex = 1; lastKnownFileType = text.xcconfig; name = "Pods-TrailQuestSandbox.debug.xcconfig"; path = "Target Support Files/Pods-TrailQuestSandbox/Pods-TrailQuestSandbox.debug.xcconfig"; sourceTree = "<group>"; };
		CEAC24272E65F4F3003A9E3D /* TrailQuestSandbox.app */ = {isa = PBXFileReference; explicitFileType = wrapper.application; includeInIndex = 0; path = TrailQuestSandbox.app; sourceTree = BUILT_PRODUCTS_DIR; };
		CEAC243D2E65F4F4003A9E3D /* TrailQuestSandboxTests.xctest */ = {isa = PBXFileReference; explicitFileType = wrapper.cfbundle; includeInIndex = 0; path = TrailQuestSandboxTests.xctest; sourceTree = BUILT_PRODUCTS_DIR; };
		E257B4EEF8E1EF7E90FD36CD /* Pods_TrailQuestSandbox.framework */ = {isa = PBXFileReference; explicitFileType = wrapper.framework; includeInIndex = 0; path = Pods_TrailQuestSandbox.framework; sourceTree = BUILT_PRODUCTS_DIR; };
		EEAF80514A8EF886A0DF9168 /* Pods-TrailQuestSandbox.release.xcconfig */ = {isa = PBXFileReference; includeInIndex = 1; lastKnownFileType = text.xcconfig; name = "Pods-TrailQuestSandbox.release.xcconfig"; path = "Target Support Files/Pods-TrailQuestSandbox/Pods-TrailQuestSandbox.release.xcconfig"; sourceTree = "<group>"; };
/* End PBXFileReference section */

/* Begin PBXFileSystemSynchronizedBuildFileExceptionSet section */
		CEAC244F2E65F4F4003A9E3D /* Exceptions for "TrailQuestSandbox" folder in "TrailQuestSandbox" target */ = {
			isa = PBXFileSystemSynchronizedBuildFileExceptionSet;
			membershipExceptions = (
				"/Localized: Resources/LaunchScreen.strings",
				"/Localized: Resources/Localizable.strings",
				Info.plist,
			);
			target = CEAC24262E65F4F3003A9E3D /* TrailQuestSandbox */;
		};
/* End PBXFileSystemSynchronizedBuildFileExceptionSet section */

/* Begin PBXFileSystemSynchronizedRootGroup section */
		CEAC24292E65F4F3003A9E3D /* TrailQuestSandbox */ = {
			isa = PBXFileSystemSynchronizedRootGroup;
			exceptions = (
				CEAC244F2E65F4F4003A9E3D /* Exceptions for "TrailQuestSandbox" folder in "TrailQuestSandbox" target */,
			);
			path = TrailQuestSandbox;
			sourceTree = "<group>";
		};
		CEAC24402E65F4F4003A9E3D /* TrailQuestSandboxTests */ = {
			isa = PBXFileSystemSynchronizedRootGroup;
			path = TrailQuestSandboxTests;
			sourceTree = "<group>";
		};
/* End PBXFileSystemSynchronizedRootGroup section */

/* Begin PBXFrameworksBuildPhase section */
		CEAC24242E65F4F3003A9E3D /* Frameworks */ = {
			isa = PBXFrameworksBuildPhase;
			buildActionMask = 2147483647;
			files = (
				F37F470A655FA0692ACFDF2D /* Pods_TrailQuestSandbox.framework in Frameworks */,
			);
			runOnlyForDeploymentPostprocessing = 0;
		};
		CEAC243A2E65F4F4003A9E3D /* Frameworks */ = {
			isa = PBXFrameworksBuildPhase;
			buildActionMask = 2147483647;
			files = (
			);
			runOnlyForDeploymentPostprocessing = 0;
		};
/* End PBXFrameworksBuildPhase section */

/* Begin PBXGroup section */
		9D866143A4300AE995DE4109 /* Frameworks */ = {
			isa = PBXGroup;
			children = (
				E257B4EEF8E1EF7E90FD36CD /* Pods_TrailQuestSandbox.framework */,
			);
			name = Frameworks;
			sourceTree = "<group>";
		};
		A068F07EA7EB7317310004DA /* Pods */ = {
			isa = PBXGroup;
			children = (
				3B2BA3F6161F37B0F1B24E94 /* Pods-TrailQuestSandbox.debug.xcconfig */,
				EEAF80514A8EF886A0DF9168 /* Pods-TrailQuestSandbox.release.xcconfig */,
			);
			path = Pods;
			sourceTree = "<group>";
		};
		CEAC241E2E65F4F3003A9E3D = {
			isa = PBXGroup;
			children = (
				CEAC24292E65F4F3003A9E3D /* TrailQuestSandbox */,
				CEAC24402E65F4F4003A9E3D /* TrailQuestSandboxTests */,
				CEAC24282E65F4F3003A9E3D /* Products */,
				A068F07EA7EB7317310004DA /* Pods */,
				9D866143A4300AE995DE4109 /* Frameworks */,
			);
			sourceTree = "<group>";
		};
		CEAC24282E65F4F3003A9E3D /* Products */ = {
			isa = PBXGroup;
			children = (
				CEAC24272E65F4F3003A9E3D /* TrailQuestSandbox.app */,
				CEAC243D2E65F4F4003A9E3D /* TrailQuestSandboxTests.xctest */,
			);
			name = Products;
			sourceTree = "<group>";
		};
/* End PBXGroup section */

/* Begin PBXNativeTarget section */
		CEAC24262E65F4F3003A9E3D /* TrailQuestSandbox */ = {
			isa = PBXNativeTarget;
			buildConfigurationList = CEAC24502E65F4F4003A9E3D /* Build configuration list for PBXNativeTarget "TrailQuestSandbox" */;
			buildPhases = (
				BDB37900B218EDA02FF095CE /* [CP] Check Pods Manifest.lock */,
				CEAC24232E65F4F3003A9E3D /* Sources */,
				CEAC24242E65F4F3003A9E3D /* Frameworks */,
				CEAC24252E65F4F3003A9E3D /* Resources */,
				C9D10BE72D82BF33852D6F3D /* [CP] Embed Pods Frameworks */,
			);
			buildRules = (
			);
			dependencies = (
			);
			fileSystemSynchronizedGroups = (
				CEAC24292E65F4F3003A9E3D /* TrailQuestSandbox */,
			);
			name = TrailQuestSandbox;
			productName = TrailQuestSandbox;
			productReference = CEAC24272E65F4F3003A9E3D /* TrailQuestSandbox.app */;
			productType = "com.apple.product-type.application";
		};
		CEAC243C2E65F4F4003A9E3D /* TrailQuestSandboxTests */ = {
			isa = PBXNativeTarget;
			buildConfigurationList = CEAC24552E65F4F4003A9E3D /* Build configuration list for PBXNativeTarget "TrailQuestSandboxTests" */;
			buildPhases = (
				CEAC24392E65F4F4003A9E3D /* Sources */,
				CEAC243A2E65F4F4003A9E3D /* Frameworks */,
				CEAC243B2E65F4F4003A9E3D /* Resources */,
			);
			buildRules = (
			);
			dependencies = (
				CEAC243F2E65F4F4003A9E3D /* PBXTargetDependency */,
			);
			fileSystemSynchronizedGroups = (
				CEAC24402E65F4F4003A9E3D /* TrailQuestSandboxTests */,
			);
			name = TrailQuestSandboxTests;
			productName = TrailQuestSandboxTests;
			productReference = CEAC243D2E65F4F4003A9E3D /* TrailQuestSandboxTests.xctest */;
			productType = "com.apple.product-type.bundle.unit-test";
		};
/* End PBXNativeTarget section */

/* Begin PBXProject section */
		CEAC241F2E65F4F3003A9E3D /* Project object */ = {
			isa = PBXProject;
			attributes = {
				BuildIndependentTargetsInParallel = 1;
				LastSwiftUpdateCheck = 1620;
				LastUpgradeCheck = 1620;
				TargetAttributes = {
					CEAC24262E65F4F3003A9E3D = {
						CreatedOnToolsVersion = 16.2;
					};
					CEAC243C2E65F4F4003A9E3D = {
						CreatedOnToolsVersion = 16.2;
						TestTargetID = CEAC24262E65F4F3003A9E3D;
					};
				};
			};
			buildConfigurationList = CEAC24222E65F4F3003A9E3D /* Build configuration list for PBXProject "TrailQuestSandbox" */;
			developmentRegion = en;
			hasScannedForEncodings = 0;
			knownRegions = (
				en,
				Base,
				ru,
			);
			mainGroup = CEAC241E2E65F4F3003A9E3D;
			minimizedProjectReferenceProxies = 1;
			preferredProjectObjectVersion = 77;
			productRefGroup = CEAC24282E65F4F3003A9E3D /* Products */;
			projectDirPath = "";
			projectRoot = "";
			targets = (
				CEAC24262E65F4F3003A9E3D /* TrailQuestSandbox */,
				CEAC243C2E65F4F4003A9E3D /* TrailQuestSandboxTests */,
			);
		};
/* End PBXProject section */

/* Begin PBXResourcesBuildPhase section */
		CEAC24252E65F4F3003A9E3D /* Resources */ = {
			isa = PBXResourcesBuildPhase;
			buildActionMask = 2147483647;
			files = (
			);
			runOnlyForDeploymentPostprocessing = 0;
		};
		CEAC243B2E65F4F4003A9E3D /* Resources */ = {
			isa = PBXResourcesBuildPhase;
			buildActionMask = 2147483647;
			files = (
			);
			runOnlyForDeploymentPostprocessing = 0;
		};
/* End PBXResourcesBuildPhase section */

/* Begin PBXShellScriptBuildPhase section */
		BDB37900B218EDA02FF095CE /* [CP] Check Pods Manifest.lock */ = {
			isa = PBXShellScriptBuildPhase;
			buildActionMask = 2147483647;
			files = (
			);
			inputFileListPaths = (
			);
			inputPaths = (
				"${PODS_PODFILE_DIR_PATH}/Podfile.lock",
				"${PODS_ROOT}/Manifest.lock",
			);
			name = "[CP] Check Pods Manifest.lock";
			outputFileListPaths = (
			);
			outputPaths = (
				"$(DERIVED_FILE_DIR)/Pods-TrailQuestSandbox-checkManifestLockResult.txt",
			);
			runOnlyForDeploymentPostprocessing = 0;
			shellPath = /bin/sh;
			shellScript = "diff \"${PODS_PODFILE_DIR_PATH}/Podfile.lock\" \"${PODS_ROOT}/Manifest.lock\" > /dev/null\nif [ $? != 0 ] ; then\n    # print error to STDERR\n    echo \"error: The sandbox is not in sync with the Podfile.lock. Run 'pod install' or update your CocoaPods installation.\" >&2\n    exit 1\nfi\n# This output is used by Xcode 'outputs' to avoid re-running this script phase.\necho \"SUCCESS\" > \"${SCRIPT_OUTPUT_FILE_0}\"\n";
			showEnvVarsInLog = 0;
		};
		C9D10BE72D82BF33852D6F3D /* [CP] Embed Pods Frameworks */ = {
			isa = PBXShellScriptBuildPhase;
			buildActionMask = 2147483647;
			files = (
			);
			inputFileListPaths = (
				"${PODS_ROOT}/Target Support Files/Pods-TrailQuestSandbox/Pods-TrailQuestSandbox-frameworks-${CONFIGURATION}-input-files.xcfilelist",
			);
			name = "[CP] Embed Pods Frameworks";
			outputFileListPaths = (
				"${PODS_ROOT}/Target Support Files/Pods-TrailQuestSandbox/Pods-TrailQuestSandbox-frameworks-${CONFIGURATION}-output-files.xcfilelist",
			);
			runOnlyForDeploymentPostprocessing = 0;
			shellPath = /bin/sh;
			shellScript = "\"${PODS_ROOT}/Target Support Files/Pods-TrailQuestSandbox/Pods-TrailQuestSandbox-frameworks.sh\"\n";
			showEnvVarsInLog = 0;
		};
/* End PBXShellScriptBuildPhase section */

/* Begin PBXSourcesBuildPhase section */
		CEAC24232E65F4F3003A9E3D /* Sources */ = {
			isa = PBXSourcesBuildPhase;
			buildActionMask = 2147483647;
			files = (
			);
			runOnlyForDeploymentPostprocessing = 0;
		};
		CEAC24392E65F4F4003A9E3D /* Sources */ = {
			isa = PBXSourcesBuildPhase;
			buildActionMask = 2147483647;
			files = (
			);
			runOnlyForDeploymentPostprocessing = 0;
		};
/* End PBXSourcesBuildPhase section */

/* Begin PBXTargetDependency section */
		CEAC243F2E65F4F4003A9E3D /* PBXTargetDependency */ = {
			isa = PBXTargetDependency;
			target = CEAC24262E65F4F3003A9E3D /* TrailQuestSandbox */;
			targetProxy = CEAC243E2E65F4F4003A9E3D /* PBXContainerItemProxy */;
		};
/* End PBXTargetDependency section */

/* Begin XCBuildConfiguration section */
		CEAC24512E65F4F4003A9E3D /* Debug */ = {
			isa = XCBuildConfiguration;
			baseConfigurationReference = 3B2BA3F6161F37B0F1B24E94 /* Pods-TrailQuestSandbox.debug.xcconfig */;
			buildSettings = {
				ASSETCATALOG_COMPILER_APPICON_NAME = AppIcon;
				ASSETCATALOG_COMPILER_GLOBAL_ACCENT_COLOR_NAME = AccentColor;
				ASSETCATALOG_COMPILER_INCLUDE_ALL_APPICON_ASSETS = YES;
				CODE_SIGN_STYLE = Automatic;
				CURRENT_PROJECT_VERSION = 1;
				GENERATE_INFOPLIST_FILE = YES;
				INFOPLIST_FILE = TrailQuestSandbox/Info.plist;
				INFOPLIST_KEY_NSBluetoothAlwaysUsageDescription = "TrailQuest использует Bluetooth для поиска ближайших BLE-точек во время маршрута.";
				INFOPLIST_KEY_NSCameraUsageDescription = "TrailQuest использует камеру для сканирования QR-кодов при отметке на контрольных точках.";
				INFOPLIST_KEY_NSContactsUsageDescription = "TrailQuest позволяет поделиться результатами маршрута с друзьями из Контактов.";
				INFOPLIST_KEY_NSLocationWhenInUseUsageDescription = "TrailQuest использует вашу геопозицию для поиска BLE-маячков рядом.";
				INFOPLIST_KEY_NSPhotoLibraryUsageDescription = "TrailQuest использует фотогалерею, чтобы выбрать изображение для профиля.";
				INFOPLIST_KEY_UIApplicationSupportsIndirectInputEvents = YES;
				INFOPLIST_KEY_UILaunchStoryboardName = "";
				INFOPLIST_KEY_UIMainStoryboardFile = "";
				INFOPLIST_KEY_UIRequiredDeviceCapabilities = armv7;
				INFOPLIST_KEY_UISupportedInterfaceOrientations = UIInterfaceOrientationPortrait;
				INFOPLIST_KEY_UISupportedInterfaceOrientations_iPad = "UIInterfaceOrientationPortrait UIInterfaceOrientationPortraitUpsideDown UIInterfaceOrientationLandscapeLeft UIInterfaceOrientationLandscapeRight";
				INFOPLIST_KEY_UISupportedInterfaceOrientations_iPhone = "UIInterfaceOrientationPortrait UIInterfaceOrientationLandscapeLeft UIInterfaceOrientationLandscapeRight";
				IPHONEOS_DEPLOYMENT_TARGET = 16.0;
				LD_RUNPATH_SEARCH_PATHS = (
					"$(inherited)",
					"@executable_path/Frameworks",
				);
				MARKETING_VERSION = 1.0.0;
				PRODUCT_BUNDLE_IDENTIFIER = com.template.TrailQuestSandbox;
				PRODUCT_NAME = "$(TARGET_NAME)";
				SUPPORTED_PLATFORMS = "iphoneos iphonesimulator";
				SUPPORTS_MACCATALYST = NO;
				SUPPORTS_MAC_DESIGNED_FOR_IPHONE_IPAD = NO;
				SUPPORTS_XR_DESIGNED_FOR_IPHONE_IPAD = NO;
				SWIFT_EMIT_LOC_STRINGS = YES;
				SWIFT_VERSION = 5.0;
				TARGETED_DEVICE_FAMILY = 1;
			};
			name = Debug;
		};
		CEAC24522E65F4F4003A9E3D /* Release */ = {
			isa = XCBuildConfiguration;
			baseConfigurationReference = EEAF80514A8EF886A0DF9168 /* Pods-TrailQuestSandbox.release.xcconfig */;
			buildSettings = {
				ASSETCATALOG_COMPILER_APPICON_NAME = AppIcon;
				ASSETCATALOG_COMPILER_GLOBAL_ACCENT_COLOR_NAME = AccentColor;
				ASSETCATALOG_COMPILER_INCLUDE_ALL_APPICON_ASSETS = YES;
				CODE_SIGN_STYLE = Automatic;
				CURRENT_PROJECT_VERSION = 1;
				GENERATE_INFOPLIST_FILE = YES;
				INFOPLIST_FILE = TrailQuestSandbox/Info.plist;
				INFOPLIST_KEY_NSBluetoothAlwaysUsageDescription = "TrailQuest использует Bluetooth для поиска ближайших BLE-точек во время маршрута.";
				INFOPLIST_KEY_NSCameraUsageDescription = "TrailQuest использует камеру для сканирования QR-кодов при отметке на контрольных точках.";
				INFOPLIST_KEY_NSContactsUsageDescription = "TrailQuest позволяет поделиться результатами маршрута с друзьями из Контактов.";
				INFOPLIST_KEY_NSLocationWhenInUseUsageDescription = "TrailQuest использует вашу геопозицию для поиска BLE-маячков рядом.";
				INFOPLIST_KEY_NSPhotoLibraryUsageDescription = "TrailQuest использует фотогалерею, чтобы выбрать изображение для профиля.";
				INFOPLIST_KEY_UIApplicationSupportsIndirectInputEvents = YES;
				INFOPLIST_KEY_UILaunchStoryboardName = "";
				INFOPLIST_KEY_UIMainStoryboardFile = "";
				INFOPLIST_KEY_UIRequiredDeviceCapabilities = armv7;
				INFOPLIST_KEY_UISupportedInterfaceOrientations = UIInterfaceOrientationPortrait;
				INFOPLIST_KEY_UISupportedInterfaceOrientations_iPad = "UIInterfaceOrientationPortrait UIInterfaceOrientationPortraitUpsideDown UIInterfaceOrientationLandscapeLeft UIInterfaceOrientationLandscapeRight";
				INFOPLIST_KEY_UISupportedInterfaceOrientations_iPhone = "UIInterfaceOrientationPortrait UIInterfaceOrientationLandscapeLeft UIInterfaceOrientationLandscapeRight";
				IPHONEOS_DEPLOYMENT_TARGET = 16.0;
				LD_RUNPATH_SEARCH_PATHS = (
					"$(inherited)",
					"@executable_path/Frameworks",
				);
				MARKETING_VERSION = 1.0.0;
				PRODUCT_BUNDLE_IDENTIFIER = com.template.TrailQuestSandbox;
				PRODUCT_NAME = "$(TARGET_NAME)";
				SUPPORTED_PLATFORMS = "iphoneos iphonesimulator";
				SUPPORTS_MACCATALYST = NO;
				SUPPORTS_MAC_DESIGNED_FOR_IPHONE_IPAD = NO;
				SUPPORTS_XR_DESIGNED_FOR_IPHONE_IPAD = NO;
				SWIFT_EMIT_LOC_STRINGS = YES;
				SWIFT_VERSION = 5.0;
				TARGETED_DEVICE_FAMILY = 1;
			};
			name = Release;
		};
		CEAC24532E65F4F4003A9E3D /* Debug */ = {
			isa = XCBuildConfiguration;
			buildSettings = {
				ALWAYS_SEARCH_USER_PATHS = NO;
				ASSETCATALOG_COMPILER_GENERATE_SWIFT_ASSET_SYMBOL_EXTENSIONS = YES;
				CLANG_ANALYZER_LOCALIZABILITY_NONLOCALIZED = YES;
				CLANG_ANALYZER_NONNULL = YES;
				CLANG_ANALYZER_NUMBER_OBJECT_CONVERSION = YES_AGGRESSIVE;
				CLANG_CXX_LANGUAGE_STANDARD = "gnu++20";
				CLANG_ENABLE_MODULES = YES;
				CLANG_ENABLE_OBJC_ARC = YES;
				CLANG_ENABLE_OBJC_WEAK = YES;
				CLANG_WARN_BLOCK_CAPTURE_AUTORELEASING = YES;
				CLANG_WARN_BOOL_CONVERSION = YES;
				CLANG_WARN_COMMA = YES;
				CLANG_WARN_CONSTANT_CONVERSION = YES;
				CLANG_WARN_DEPRECATED_OBJC_IMPLEMENTATIONS = YES;
				CLANG_WARN_DIRECT_OBJC_ISA_USAGE = YES_ERROR;
				CLANG_WARN_DOCUMENTATION_COMMENTS = YES;
				CLANG_WARN_EMPTY_BODY = YES;
				CLANG_WARN_ENUM_CONVERSION = YES;
				CLANG_WARN_INFINITE_RECURSION = YES;
				CLANG_WARN_INT_CONVERSION = YES;
				CLANG_WARN_NON_LITERAL_NULL_CONVERSION = YES;
				CLANG_WARN_OBJC_IMPLICIT_RETAIN_SELF = YES;
				CLANG_WARN_OBJC_LITERAL_CONVERSION = YES;
				CLANG_WARN_OBJC_ROOT_CLASS = YES_ERROR;
				CLANG_WARN_QUOTED_INCLUDE_IN_FRAMEWORK_HEADER = YES;
				CLANG_WARN_RANGE_LOOP_ANALYSIS = YES;
				CLANG_WARN_STRICT_PROTOTYPES = YES;
				CLANG_WARN_SUSPICIOUS_MOVE = YES;
				CLANG_WARN_UNGUARDED_AVAILABILITY = YES_AGGRESSIVE;
				CLANG_WARN_UNREACHABLE_CODE = YES;
				CLANG_WARN__DUPLICATE_METHOD_MATCH = YES;
				COPY_PHASE_STRIP = NO;
				DEBUG_INFORMATION_FORMAT = dwarf;
				ENABLE_STRICT_OBJC_MSGSEND = YES;
				ENABLE_TESTABILITY = YES;
				ENABLE_USER_SCRIPT_SANDBOXING = NO;
				GCC_C_LANGUAGE_STANDARD = gnu17;
				GCC_DYNAMIC_NO_PIC = NO;
				GCC_NO_COMMON_BLOCKS = YES;
				GCC_OPTIMIZATION_LEVEL = 0;
				GCC_PREPROCESSOR_DEFINITIONS = (
					"DEBUG=1",
					"$(inherited)",
				);
				GCC_WARN_64_TO_32_BIT_CONVERSION = YES;
				GCC_WARN_ABOUT_RETURN_TYPE = YES_ERROR;
				GCC_WARN_UNDECLARED_SELECTOR = YES;
				GCC_WARN_UNINITIALIZED_AUTOS = YES_AGGRESSIVE;
				GCC_WARN_UNUSED_FUNCTION = YES;
				GCC_WARN_UNUSED_VARIABLE = YES;
				IPHONEOS_DEPLOYMENT_TARGET = 16.0;
				LOCALIZATION_PREFERS_STRING_CATALOGS = YES;
				MTL_ENABLE_DEBUG_INFO = INCLUDE_SOURCE;
				MTL_FAST_MATH = YES;
				ONLY_ACTIVE_ARCH = YES;
				SDKROOT = iphoneos;
				SWIFT_ACTIVE_COMPILATION_CONDITIONS = "DEBUG $(inherited)";
				SWIFT_OPTIMIZATION_LEVEL = "-Onone";
			};
			name = Debug;
		};
		CEAC24542E65F4F4003A9E3D /* Release */ = {
			isa = XCBuildConfiguration;
			buildSettings = {
				ALWAYS_SEARCH_USER_PATHS = NO;
				ASSETCATALOG_COMPILER_GENERATE_SWIFT_ASSET_SYMBOL_EXTENSIONS = YES;
				CLANG_ANALYZER_LOCALIZABILITY_NONLOCALIZED = YES;
				CLANG_ANALYZER_NONNULL = YES;
				CLANG_ANALYZER_NUMBER_OBJECT_CONVERSION = YES_AGGRESSIVE;
				CLANG_CXX_LANGUAGE_STANDARD = "gnu++20";
				CLANG_ENABLE_MODULES = YES;
				CLANG_ENABLE_OBJC_ARC = YES;
				CLANG_ENABLE_OBJC_WEAK = YES;
				CLANG_WARN_BLOCK_CAPTURE_AUTORELEASING = YES;
				CLANG_WARN_BOOL_CONVERSION = YES;
				CLANG_WARN_COMMA = YES;
				CLANG_WARN_CONSTANT_CONVERSION = YES;
				CLANG_WARN_DEPRECATED_OBJC_IMPLEMENTATIONS = YES;
				CLANG_WARN_DIRECT_OBJC_ISA_USAGE = YES_ERROR;
				CLANG_WARN_DOCUMENTATION_COMMENTS = YES;
				CLANG_WARN_EMPTY_BODY = YES;
				CLANG_WARN_ENUM_CONVERSION = YES;
				CLANG_WARN_INFINITE_RECURSION = YES;
				CLANG_WARN_INT_CONVERSION = YES;
				CLANG_WARN_NON_LITERAL_NULL_CONVERSION = YES;
				CLANG_WARN_OBJC_IMPLICIT_RETAIN_SELF = YES;
				CLANG_WARN_OBJC_LITERAL_CONVERSION = YES;
				CLANG_WARN_OBJC_ROOT_CLASS = YES_ERROR;
				CLANG_WARN_QUOTED_INCLUDE_IN_FRAMEWORK_HEADER = YES;
				CLANG_WARN_RANGE_LOOP_ANALYSIS = YES;
				CLANG_WARN_STRICT_PROTOTYPES = YES;
				CLANG_WARN_SUSPICIOUS_MOVE = YES;
				CLANG_WARN_UNGUARDED_AVAILABILITY = YES_AGGRESSIVE;
				CLANG_WARN_UNREACHABLE_CODE = YES;
				CLANG_WARN__DUPLICATE_METHOD_MATCH = YES;
				COPY_PHASE_STRIP = NO;
				DEBUG_INFORMATION_FORMAT = "dwarf-with-dsym";
				ENABLE_NS_ASSERTIONS = NO;
				ENABLE_STRICT_OBJC_MSGSEND = YES;
				ENABLE_USER_SCRIPT_SANDBOXING = NO;
				GCC_C_LANGUAGE_STANDARD = gnu17;
				GCC_NO_COMMON_BLOCKS = YES;
				GCC_WARN_64_TO_32_BIT_CONVERSION = YES;
				GCC_WARN_ABOUT_RETURN_TYPE = YES_ERROR;
				GCC_WARN_UNDECLARED_SELECTOR = YES;
				GCC_WARN_UNINITIALIZED_AUTOS = YES_AGGRESSIVE;
				GCC_WARN_UNUSED_FUNCTION = YES;
				GCC_WARN_UNUSED_VARIABLE = YES;
				IPHONEOS_DEPLOYMENT_TARGET = 16.0;
				LOCALIZATION_PREFERS_STRING_CATALOGS = YES;
				MTL_ENABLE_DEBUG_INFO = NO;
				MTL_FAST_MATH = YES;
				SDKROOT = iphoneos;
				SWIFT_COMPILATION_MODE = wholemodule;
				VALIDATE_PRODUCT = YES;
			};
			name = Release;
		};
		CEAC24562E65F4F4003A9E3D /* Debug */ = {
			isa = XCBuildConfiguration;
			buildSettings = {
				BUNDLE_LOADER = "$(TEST_HOST)";
				CODE_SIGN_STYLE = Automatic;
				CURRENT_PROJECT_VERSION = 1;
				ENABLE_USER_SCRIPT_SANDBOXING = NO;
				GENERATE_INFOPLIST_FILE = YES;
				IPHONEOS_DEPLOYMENT_TARGET = 16.0;
				MARKETING_VERSION = 1.0.1;
				PRODUCT_BUNDLE_IDENTIFIER = com.template.TrailQuestSandboxTests;
				PRODUCT_NAME = "$(TARGET_NAME)";
				SUPPORTED_PLATFORMS = "iphoneos iphonesimulator";
				SUPPORTS_MACCATALYST = NO;
				SUPPORTS_MAC_DESIGNED_FOR_IPHONE_IPAD = NO;
				SUPPORTS_XR_DESIGNED_FOR_IPHONE_IPAD = NO;
				SWIFT_EMIT_LOC_STRINGS = NO;
				SWIFT_VERSION = 5.0;
				TARGETED_DEVICE_FAMILY = 1;
				TEST_HOST = "$(BUILT_PRODUCTS_DIR)/TrailQuestSandbox.app/$(BUNDLE_EXECUTABLE_FOLDER_PATH)/TrailQuestSandbox";
			};
			name = Debug;
		};
		CEAC24572E65F4F4003A9E3D /* Release */ = {
			isa = XCBuildConfiguration;
			buildSettings = {
				BUNDLE_LOADER = "$(TEST_HOST)";
				CODE_SIGN_STYLE = Automatic;
				CURRENT_PROJECT_VERSION = 1;
				ENABLE_USER_SCRIPT_SANDBOXING = NO;
				GENERATE_INFOPLIST_FILE = YES;
				IPHONEOS_DEPLOYMENT_TARGET = 16.0;
				MARKETING_VERSION = 1.0.1;
				PRODUCT_BUNDLE_IDENTIFIER = com.template.TrailQuestSandboxTests;
				PRODUCT_NAME = "$(TARGET_NAME)";
				SUPPORTED_PLATFORMS = "iphoneos iphonesimulator";
				SUPPORTS_MACCATALYST = NO;
				SUPPORTS_MAC_DESIGNED_FOR_IPHONE_IPAD = NO;
				SUPPORTS_XR_DESIGNED_FOR_IPHONE_IPAD = NO;
				SWIFT_EMIT_LOC_STRINGS = NO;
				SWIFT_VERSION = 5.0;
				TARGETED_DEVICE_FAMILY = 1;
				TEST_HOST = "$(BUILT_PRODUCTS_DIR)/TrailQuestSandbox.app/$(BUNDLE_EXECUTABLE_FOLDER_PATH)/TrailQuestSandbox";
			};
			name = Release;
		};
/* End XCBuildConfiguration section */

/* Begin XCConfigurationList section */
		CEAC24222E65F4F3003A9E3D /* Build configuration list for PBXProject "TrailQuestSandbox" */ = {
			isa = XCConfigurationList;
			buildConfigurations = (
				CEAC24532E65F4F4003A9E3D /* Debug */,
				CEAC24542E65F4F4003A9E3D /* Release */,
			);
			defaultConfigurationIsVisible = 0;
			defaultConfigurationName = Release;
		};
		CEAC24502E65F4F4003A9E3D /* Build configuration list for PBXNativeTarget "TrailQuestSandbox" */ = {
			isa = XCConfigurationList;
			buildConfigurations = (
				CEAC24512E65F4F4003A9E3D /* Debug */,
				CEAC24522E65F4F4003A9E3D /* Release */,
			);
			defaultConfigurationIsVisible = 0;
			defaultConfigurationName = Release;
		};
		CEAC24552E65F4F4003A9E3D /* Build configuration list for PBXNativeTarget "TrailQuestSandboxTests" */ = {
			isa = XCConfigurationList;
			buildConfigurations = (
				CEAC24562E65F4F4003A9E3D /* Debug */,
				CEAC24572E65F4F4003A9E3D /* Release */,
			);
			defaultConfigurationIsVisible = 0;
			defaultConfigurationName = Release;
		};
/* End XCConfigurationList section */
	};
	rootObject = CEAC241F2E65F4F3003A9E3D /* Project object */;
}
